// !$*UTF8*$!
{
	archiveVersion = 1;
	classes = {
	};
	objectVersion = 46;
	objects = {

/* Begin PBXBuildFile section */
		1024E3611D980A5900DC1C21 /* AppDelegate.swift in Sources */ = {isa = PBXBuildFile; fileRef = 1024E3601D980A5900DC1C21 /* AppDelegate.swift */; };
		1024E3631D980A5900DC1C21 /* ViewController.swift in Sources */ = {isa = PBXBuildFile; fileRef = 1024E3621D980A5900DC1C21 /* ViewController.swift */; };
		1024E3661D980A5900DC1C21 /* Main.storyboard in Resources */ = {isa = PBXBuildFile; fileRef = 1024E3641D980A5900DC1C21 /* Main.storyboard */; };
		1024E3681D980A5900DC1C21 /* Assets.xcassets in Resources */ = {isa = PBXBuildFile; fileRef = 1024E3671D980A5900DC1C21 /* Assets.xcassets */; };
		1024E36B1D980A5900DC1C21 /* LaunchScreen.storyboard in Resources */ = {isa = PBXBuildFile; fileRef = 1024E3691D980A5900DC1C21 /* LaunchScreen.storyboard */; };
		1024E3761D980A5900DC1C21 /* swiftChatAppwFirebaseTests.swift in Sources */ = {isa = PBXBuildFile; fileRef = 1024E3751D980A5900DC1C21 /* swiftChatAppwFirebaseTests.swift */; };
/* End PBXBuildFile section */

/* Begin PBXContainerItemProxy section */
		1024E3721D980A5900DC1C21 /* PBXContainerItemProxy */ = {
			isa = PBXContainerItemProxy;
			containerPortal = 1024E3551D980A5800DC1C21 /* Project object */;
			proxyType = 1;
			remoteGlobalIDString = 1024E35C1D980A5800DC1C21;
			remoteInfo = swiftChatAppwFirebase;
		};
/* End PBXContainerItemProxy section */

/* Begin PBXFileReference section */
		1024E35D1D980A5900DC1C21 /* swiftChatAppwFirebase.app */ = {isa = PBXFileReference; explicitFileType = wrapper.application; includeInIndex = 0; path = swiftChatAppwFirebase.app; sourceTree = BUILT_PRODUCTS_DIR; };
		1024E3601D980A5900DC1C21 /* AppDelegate.swift */ = {isa = PBXFileReference; lastKnownFileType = sourcecode.swift; path = AppDelegate.swift; sourceTree = "<group>"; };
		1024E3621D980A5900DC1C21 /* ViewController.swift */ = {isa = PBXFileReference; lastKnownFileType = sourcecode.swift; path = ViewController.swift; sourceTree = "<group>"; };
		1024E3651D980A5900DC1C21 /* Base */ = {isa = PBXFileReference; lastKnownFileType = file.storyboard; name = Base; path = Base.lproj/Main.storyboard; sourceTree = "<group>"; };
		1024E3671D980A5900DC1C21 /* Assets.xcassets */ = {isa = PBXFileReference; lastKnownFileType = folder.assetcatalog; path = Assets.xcassets; sourceTree = "<group>"; };
		1024E36A1D980A5900DC1C21 /* Base */ = {isa = PBXFileReference; lastKnownFileType = file.storyboard; name = Base; path = Base.lproj/LaunchScreen.storyboard; sourceTree = "<group>"; };
		1024E36C1D980A5900DC1C21 /* Info.plist */ = {isa = PBXFileReference; lastKnownFileType = text.plist.xml; path = Info.plist; sourceTree = "<group>"; };
		1024E3711D980A5900DC1C21 /* swiftChatAppwFirebaseTests.xctest */ = {isa = PBXFileReference; explicitFileType = wrapper.cfbundle; includeInIndex = 0; path = swiftChatAppwFirebaseTests.xctest; sourceTree = BUILT_PRODUCTS_DIR; };
		1024E3751D980A5900DC1C21 /* swiftChatAppwFirebaseTests.swift */ = {isa = PBXFileReference; lastKnownFileType = sourcecode.swift; path = swiftChatAppwFirebaseTests.swift; sourceTree = "<group>"; };
		1024E3771D980A5900DC1C21 /* Info.plist */ = {isa = PBXFileReference; lastKnownFileType = text.plist.xml; path = Info.plist; sourceTree = "<group>"; };
/* End PBXFileReference section */

/* Begin PBXFrameworksBuildPhase section */
		1024E35A1D980A5800DC1C21 /* Frameworks */ = {
			isa = PBXFrameworksBuildPhase;
			buildActionMask = 2147483647;
			files = (
			);
			runOnlyForDeploymentPostprocessing = 0;
		};
		1024E36E1D980A5900DC1C21 /* Frameworks */ = {
			isa = PBXFrameworksBuildPhase;
			buildActionMask = 2147483647;
			files = (
			);
			runOnlyForDeploymentPostprocessing = 0;
		};
/* End PBXFrameworksBuildPhase section */

/* Begin PBXGroup section */
		1024E3541D980A5800DC1C21 = {
			isa = PBXGroup;
			children = (
				1024E35F1D980A5900DC1C21 /* swiftChatAppwFirebase */,
				1024E3741D980A5900DC1C21 /* swiftChatAppwFirebaseTests */,
				1024E35E1D980A5900DC1C21 /* Products */,
			);
			sourceTree = "<group>";
		};
		1024E35E1D980A5900DC1C21 /* Products */ = {
			isa = PBXGroup;
			children = (
				1024E35D1D980A5900DC1C21 /* swiftChatAppwFirebase.app */,
				1024E3711D980A5900DC1C21 /* swiftChatAppwFirebaseTests.xctest */,
			);
			name = Products;
			sourceTree = "<group>";
		};
		1024E35F1D980A5900DC1C21 /* swiftChatAppwFirebase */ = {
			isa = PBXGroup;
			children = (
				1024E3601D980A5900DC1C21 /* AppDelegate.swift */,
				1024E3621D980A5900DC1C21 /* ViewController.swift */,
				1024E3641D980A5900DC1C21 /* Main.storyboard */,
				1024E3671D980A5900DC1C21 /* Assets.xcassets */,
				1024E3691D980A5900DC1C21 /* LaunchScreen.storyboard */,
				1024E36C1D980A5900DC1C21 /* Info.plist */,
			);
			path = swiftChatAppwFirebase;
			sourceTree = "<group>";
		};
		1024E3741D980A5900DC1C21 /* swiftChatAppwFirebaseTests */ = {
			isa = PBXGroup;
			children = (
				1024E3751D980A5900DC1C21 /* swiftChatAppwFirebaseTests.swift */,
				1024E3771D980A5900DC1C21 /* Info.plist */,
			);
			path = swiftChatAppwFirebaseTests;
			sourceTree = "<group>";
		};
/* End PBXGroup section */

/* Begin PBXNativeTarget section */
		1024E35C1D980A5800DC1C21 /* swiftChatAppwFirebase */ = {
			isa = PBXNativeTarget;
			buildConfigurationList = 1024E37A1D980A5900DC1C21 /* Build configuration list for PBXNativeTarget "swiftChatAppwFirebase" */;
			buildPhases = (
				1024E3591D980A5800DC1C21 /* Sources */,
				1024E35A1D980A5800DC1C21 /* Frameworks */,
				1024E35B1D980A5800DC1C21 /* Resources */,
			);
			buildRules = (
			);
			dependencies = (
			);
			name = swiftChatAppwFirebase;
			productName = swiftChatAppwFirebase;
			productReference = 1024E35D1D980A5900DC1C21 /* swiftChatAppwFirebase.app */;
			productType = "com.apple.product-type.application";
		};
		1024E3701D980A5900DC1C21 /* swiftChatAppwFirebaseTests */ = {
			isa = PBXNativeTarget;
			buildConfigurationList = 1024E37D1D980A5900DC1C21 /* Build configuration list for PBXNativeTarget "swiftChatAppwFirebaseTests" */;
			buildPhases = (
				1024E36D1D980A5900DC1C21 /* Sources */,
				1024E36E1D980A5900DC1C21 /* Frameworks */,
				1024E36F1D980A5900DC1C21 /* Resources */,
			);
			buildRules = (
			);
			dependencies = (
				1024E3731D980A5900DC1C21 /* PBXTargetDependency */,
			);
			name = swiftChatAppwFirebaseTests;
			productName = swiftChatAppwFirebaseTests;
			productReference = 1024E3711D980A5900DC1C21 /* swiftChatAppwFirebaseTests.xctest */;
			productType = "com.apple.product-type.bundle.unit-test";
		};
/* End PBXNativeTarget section */

/* Begin PBXProject section */
		1024E3551D980A5800DC1C21 /* Project object */ = {
			isa = PBXProject;
			attributes = {
				LastSwiftUpdateCheck = 0800;
				LastUpgradeCheck = 0800;
				ORGANIZATIONNAME = "marvin evins";
				TargetAttributes = {
					1024E35C1D980A5800DC1C21 = {
						CreatedOnToolsVersion = 8.0;
						DevelopmentTeam = SN83872X5M;
						ProvisioningStyle = Automatic;
					};
					1024E3701D980A5900DC1C21 = {
						CreatedOnToolsVersion = 8.0;
						DevelopmentTeam = SN83872X5M;
						ProvisioningStyle = Automatic;
						TestTargetID = 1024E35C1D980A5800DC1C21;
					};
				};
			};
			buildConfigurationList = 1024E3581D980A5800DC1C21 /* Build configuration list for PBXProject "swiftChatAppwFirebase" */;
			compatibilityVersion = "Xcode 3.2";
			developmentRegion = English;
			hasScannedForEncodings = 0;
			knownRegions = (
				en,
				Base,
			);
			mainGroup = 1024E3541D980A5800DC1C21;
			productRefGroup = 1024E35E1D980A5900DC1C21 /* Products */;
			projectDirPath = "";
			projectRoot = "";
			targets = (
				1024E35C1D980A5800DC1C21 /* swiftChatAppwFirebase */,
				1024E3701D980A5900DC1C21 /* swiftChatAppwFirebaseTests */,
			);
		};
/* End PBXProject section */

/* Begin PBXResourcesBuildPhase section */
		1024E35B1D980A5800DC1C21 /* Resources */ = {
			isa = PBXResourcesBuildPhase;
			buildActionMask = 2147483647;
			files = (
				1024E36B1D980A5900DC1C21 /* LaunchScreen.storyboard in Resources */,
				1024E3681D980A5900DC1C21 /* Assets.xcassets in Resources */,
				1024E3661D980A5900DC1C21 /* Main.storyboard in Resources */,
			);
			runOnlyForDeploymentPostprocessing = 0;
		};
		1024E36F1D980A5900DC1C21 /* Resources */ = {
			isa = PBXResourcesBuildPhase;
			buildActionMask = 2147483647;
			files = (
			);
			runOnlyForDeploymentPostprocessing = 0;
		};
/* End PBXResourcesBuildPhase section */

/* Begin PBXSourcesBuildPhase section */
		1024E3591D980A5800DC1C21 /* Sources */ = {
			isa = PBXSourcesBuildPhase;
			buildActionMask = 2147483647;
			files = (
				1024E3631D980A5900DC1C21 /* ViewController.swift in Sources */,
				1024E3611D980A5900DC1C21 /* AppDelegate.swift in Sources */,
			);
			runOnlyForDeploymentPostprocessing = 0;
		};
		1024E36D1D980A5900DC1C21 /* Sources */ = {
			isa = PBXSourcesBuildPhase;
			buildActionMask = 2147483647;
			files = (
				1024E3761D980A5900DC1C21 /* swiftChatAppwFirebaseTests.swift in Sources */,
			);
			runOnlyForDeploymentPostprocessing = 0;
		};
/* End PBXSourcesBuildPhase section */

/* Begin PBXTargetDependency section */
		1024E3731D980A5900DC1C21 /* PBXTargetDependency */ = {
			isa = PBXTargetDependency;
			target = 1024E35C1D980A5800DC1C21 /* swiftChatAppwFirebase */;
			targetProxy = 1024E3721D980A5900DC1C21 /* PBXContainerItemProxy */;
		};
/* End PBXTargetDependency section */

/* Begin PBXVariantGroup section */
		1024E3641D980A5900DC1C21 /* Main.storyboard */ = {
			isa = PBXVariantGroup;
			children = (
				1024E3651D980A5900DC1C21 /* Base */,
			);
			name = Main.storyboard;
			sourceTree = "<group>";
		};
		1024E3691D980A5900DC1C21 /* LaunchScreen.storyboard */ = {
			isa = PBXVariantGroup;
			children = (
				1024E36A1D980A5900DC1C21 /* Base */,
			);
			name = LaunchScreen.storyboard;
			sourceTree = "<group>";
		};
/* End PBXVariantGroup section */

/* Begin XCBuildConfiguration section */
		1024E3781D980A5900DC1C21 /* Debug */ = {
			isa = XCBuildConfiguration;
			buildSettings = {
				ALWAYS_SEARCH_USER_PATHS = NO;
				CLANG_ANALYZER_NONNULL = YES;
				CLANG_CXX_LANGUAGE_STANDARD = "gnu++0x";
				CLANG_CXX_LIBRARY = "libc++";
				CLANG_ENABLE_MODULES = YES;
				CLANG_ENABLE_OBJC_ARC = YES;
				CLANG_WARN_BOOL_CONVERSION = YES;
				CLANG_WARN_CONSTANT_CONVERSION = YES;
				CLANG_WARN_DIRECT_OBJC_ISA_USAGE = YES_ERROR;
				CLANG_WARN_DOCUMENTATION_COMMENTS = YES;
				CLANG_WARN_EMPTY_BODY = YES;
				CLANG_WARN_ENUM_CONVERSION = YES;
				CLANG_WARN_INFINITE_RECURSION = YES;
				CLANG_WARN_INT_CONVERSION = YES;
				CLANG_WARN_OBJC_ROOT_CLASS = YES_ERROR;
				CLANG_WARN_SUSPICIOUS_MOVES = YES;
				CLANG_WARN_UNREACHABLE_CODE = YES;
				CLANG_WARN__DUPLICATE_METHOD_MATCH = YES;
				"CODE_SIGN_IDENTITY[sdk=iphoneos*]" = "iPhone Developer";
				COPY_PHASE_STRIP = NO;
				DEBUG_INFORMATION_FORMAT = dwarf;
				ENABLE_STRICT_OBJC_MSGSEND = YES;
				ENABLE_TESTABILITY = YES;
				GCC_C_LANGUAGE_STANDARD = gnu99;
				GCC_DYNAMIC_NO_PIC = NO;
				GCC_NO_COMMON_BLOCKS = YES;
				GCC_OPTIMIZATION_LEVEL = 0;
				GCC_PREPROCESSOR_DEFINITIONS = (
					"DEBUG=1",
					"$(inherited)",
				);
				GCC_WARN_64_TO_32_BIT_CONVERSION = YES;
				GCC_WARN_ABOUT_RETURN_TYPE = YES_ERROR;
				GCC_WARN_UNDECLARED_SELECTOR = YES;
				GCC_WARN_UNINITIALIZED_AUTOS = YES_AGGRESSIVE;
				GCC_WARN_UNUSED_FUNCTION = YES;
				GCC_WARN_UNUSED_VARIABLE = YES;
				IPHONEOS_DEPLOYMENT_TARGET = 10.0;
				MTL_ENABLE_DEBUG_INFO = YES;
				ONLY_ACTIVE_ARCH = YES;
				SDKROOT = iphoneos;
				SWIFT_ACTIVE_COMPILATION_CONDITIONS = DEBUG;
				SWIFT_OPTIMIZATION_LEVEL = "-Onone";
				TARGETED_DEVICE_FAMILY = "1,2";
			};
			name = Debug;
		};
		1024E3791D980A5900DC1C21 /* Release */ = {
			isa = XCBuildConfiguration;
			buildSettings = {
				ALWAYS_SEARCH_USER_PATHS = NO;
				CLANG_ANALYZER_NONNULL = YES;
				CLANG_CXX_LANGUAGE_STANDARD = "gnu++0x";
				CLANG_CXX_LIBRARY = "libc++";
				CLANG_ENABLE_MODULES = YES;
				CLANG_ENABLE_OBJC_ARC = YES;
				CLANG_WARN_BOOL_CONVERSION = YES;
				CLANG_WARN_CONSTANT_CONVERSION = YES;
				CLANG_WARN_DIRECT_OBJC_ISA_USAGE = YES_ERROR;
				CLANG_WARN_DOCUMENTATION_COMMENTS = YES;
				CLANG_WARN_EMPTY_BODY = YES;
				CLANG_WARN_ENUM_CONVERSION = YES;
				CLANG_WARN_INFINITE_RECURSION = YES;
				CLANG_WARN_INT_CONVERSION = YES;
				CLANG_WARN_OBJC_ROOT_CLASS = YES_ERROR;
				CLANG_WARN_SUSPICIOUS_MOVES = YES;
				CLANG_WARN_UNREACHABLE_CODE = YES;
				CLANG_WARN__DUPLICATE_METHOD_MATCH = YES;
				"CODE_SIGN_IDENTITY[sdk=iphoneos*]" = "iPhone Developer";
				COPY_PHASE_STRIP = NO;
				DEBUG_INFORMATION_FORMAT = "dwarf-with-dsym";
				ENABLE_NS_ASSERTIONS = NO;
				ENABLE_STRICT_OBJC_MSGSEND = YES;
				GCC_C_LANGUAGE_STANDARD = gnu99;
				GCC_NO_COMMON_BLOCKS = YES;
				GCC_WARN_64_TO_32_BIT_CONVERSION = YES;
				GCC_WARN_ABOUT_RETURN_TYPE = YES_ERROR;
				GCC_WARN_UNDECLARED_SELECTOR = YES;
				GCC_WARN_UNINITIALIZED_AUTOS = YES_AGGRESSIVE;
				GCC_WARN_UNUSED_FUNCTION = YES;
				GCC_WARN_UNUSED_VARIABLE = YES;
				IPHONEOS_DEPLOYMENT_TARGET = 10.0;
				MTL_ENABLE_DEBUG_INFO = NO;
				SDKROOT = iphoneos;
				SWIFT_OPTIMIZATION_LEVEL = "-Owholemodule";
				TARGETED_DEVICE_FAMILY = "1,2";
				VALIDATE_PRODUCT = YES;
			};
			name = Release;
		};
		1024E37B1D980A5900DC1C21 /* Debug */ = {
			isa = XCBuildConfiguration;
			buildSettings = {
				ASSETCATALOG_COMPILER_APPICON_NAME = AppIcon;
				DEVELOPMENT_TEAM = SN83872X5M;
				INFOPLIST_FILE = swiftChatAppwFirebase/Info.plist;
				LD_RUNPATH_SEARCH_PATHS = "$(inherited) @executable_path/Frameworks";
				PRODUCT_BUNDLE_IDENTIFIER = udevdesign.com.swiftChatAppwFirebase;
				PRODUCT_NAME = "$(TARGET_NAME)";
				SWIFT_VERSION = 3.0;
			};
			name = Debug;
		};
		1024E37C1D980A5900DC1C21 /* Release */ = {
			isa = XCBuildConfiguration;
			buildSettings = {
				ASSETCATALOG_COMPILER_APPICON_NAME = AppIcon;
				DEVELOPMENT_TEAM = SN83872X5M;
				INFOPLIST_FILE = swiftChatAppwFirebase/Info.plist;
				LD_RUNPATH_SEARCH_PATHS = "$(inherited) @executable_path/Frameworks";
				PRODUCT_BUNDLE_IDENTIFIER = udevdesign.com.swiftChatAppwFirebase;
				PRODUCT_NAME = "$(TARGET_NAME)";
				SWIFT_VERSION = 3.0;
			};
			name = Release;
		};
		1024E37E1D980A5900DC1C21 /* Debug */ = {
			isa = XCBuildConfiguration;
			buildSettings = {
				ALWAYS_EMBED_SWIFT_STANDARD_LIBRARIES = YES;
				BUNDLE_LOADER = "$(TEST_HOST)";
				DEVELOPMENT_TEAM = SN83872X5M;
				INFOPLIST_FILE = swiftChatAppwFirebaseTests/Info.plist;
				LD_RUNPATH_SEARCH_PATHS = "$(inherited) @executable_path/Frameworks @loader_path/Frameworks";
				PRODUCT_BUNDLE_IDENTIFIER = udevdesign.com.swiftChatAppwFirebaseTests;
				PRODUCT_NAME = "$(TARGET_NAME)";
				SWIFT_VERSION = 3.0;
				TEST_HOST = "$(BUILT_PRODUCTS_DIR)/swiftChatAppwFirebase.app/swiftChatAppwFirebase";
			};
			name = Debug;
		};
		1024E37F1D980A5900DC1C21 /* Release */ = {
			isa = XCBuildConfiguration;
			buildSettings = {
				ALWAYS_EMBED_SWIFT_STANDARD_LIBRARIES = YES;
				BUNDLE_LOADER = "$(TEST_HOST)";
				DEVELOPMENT_TEAM = SN83872X5M;
				INFOPLIST_FILE = swiftChatAppwFirebaseTests/Info.plist;
				LD_RUNPATH_SEARCH_PATHS = "$(inherited) @executable_path/Frameworks @loader_path/Frameworks";
				PRODUCT_BUNDLE_IDENTIFIER = udevdesign.com.swiftChatAppwFirebaseTests;
				PRODUCT_NAME = "$(TARGET_NAME)";
				SWIFT_VERSION = 3.0;
				TEST_HOST = "$(BUILT_PRODUCTS_DIR)/swiftChatAppwFirebase.app/swiftChatAppwFirebase";
			};
			name = Release;
		};
/* End XCBuildConfiguration section */

/* Begin XCConfigurationList section */
		1024E3581D980A5800DC1C21 /* Build configuration list for PBXProject "swiftChatAppwFirebase" */ = {
			isa = XCConfigurationList;
			buildConfigurations = (
				1024E3781D980A5900DC1C21 /* Debug */,
				1024E3791D980A5900DC1C21 /* Release */,
			);
			defaultConfigurationIsVisible = 0;
			defaultConfigurationName = Release;
		};
		1024E37A1D980A5900DC1C21 /* Build configuration list for PBXNativeTarget "swiftChatAppwFirebase" */ = {
			isa = XCConfigurationList;
			buildConfigurations = (
				1024E37B1D980A5900DC1C21 /* Debug */,
				1024E37C1D980A5900DC1C21 /* Release */,
			);
			defaultConfigurationIsVisible = 0;
		};
		1024E37D1D980A5900DC1C21 /* Build configuration list for PBXNativeTarget "swiftChatAppwFirebaseTests" */ = {
			isa = XCConfigurationList;
			buildConfigurations = (
				1024E37E1D980A5900DC1C21 /* Debug */,
				1024E37F1D980A5900DC1C21 /* Release */,
			);
			defaultConfigurationIsVisible = 0;
		};
/* End XCConfigurationList section */
	};
	rootObject = 1024E3551D980A5800DC1C21 /* Project object */;
}
